
Microsoft Visual Studio Solution File, Format Version 12.00
# Visual Studio Version 17
VisualStudioVersion = 17.2.32616.157
MinimumVisualStudioVersion = 10.0.40219.1
Project("{FAE04EC0-301F-11D3-BF4B-00C04F79EFBC}") = "UserRegistrationProblem", "UserRegistrationProblem\UserRegistrationProblem.csproj", "{40713823-A568-4466-9FAF-09849BD71DE4}"
EndProject
Global
	GlobalSection(SolutionConfigurationPlatforms) = preSolution
		Debug|Any CPU = Debug|Any CPU
		Release|Any CPU = Release|Any CPU
	EndGlobalSection
	GlobalSection(ProjectConfigurationPlatforms) = postSolution
		{40713823-A568-4466-9FAF-09849BD71DE4}.Debug|Any CPU.ActiveCfg = Debug|Any CPU
		{40713823-A568-4466-9FAF-09849BD71DE4}.Debug|Any CPU.Build.0 = Debug|Any CPU
		{40713823-A568-4466-9FAF-09849BD71DE4}.Release|Any CPU.ActiveCfg = Release|Any CPU
		{40713823-A568-4466-9FAF-09849BD71DE4}.Release|Any CPU.Build.0 = Release|Any CPU
	EndGlobalSection
	GlobalSection(SolutionProperties) = preSolution
		HideSolutionNode = FALSE
	EndGlobalSection
	GlobalSection(ExtensibilityGlobals) = postSolution
		SolutionGuid = {C513E86D-4A16-4B53-9436-3EC52C264BB4}
	EndGlobalSection
EndGlobal
